
Microsoft Visual Studio Solution File, Format Version 12.00
# Visual Studio 15
VisualStudioVersion = 15.0.28307.329
MinimumVisualStudioVersion = 10.0.40219.1
Project("{8BC9CEB8-8B4A-11D0-8D11-00A0C91BC942}") = "Calculator", "Calculator\Calculator.vcxproj", "{A450DE6F-80EB-4B3B-B427-77145EBA1168}"
EndProject
Project("{8BC9CEB8-8B4A-11D0-8D11-00A0C91BC942}") = "QUESTION2", "QUESTION2\QUESTION2.vcxproj", "{81C226E7-5834-4E59-920B-4902CF741865}"
EndProject
Project("{8BC9CEB8-8B4A-11D0-8D11-00A0C91BC942}") = "bitwise_oper", "bitwise_oper\bitwise_oper.vcxproj", "{BC5DFD49-666F-4CB4-B70C-069E06C39AE6}"
EndProject
Project("{8BC9CEB8-8B4A-11D0-8D11-00A0C91BC942}") = "armstrong_num", "armstrong_num\armstrong_num.vcxproj", "{E7470E0C-7E10-46DD-991E-1C57AE10CC2A}"
EndProject
Project("{8BC9CEB8-8B4A-11D0-8D11-00A0C91BC942}") = "Palindrome", "Palindrome\Palindrome.vcxproj", "{6D1FAE95-CC99-4A3B-A9ED-A9639191BA86}"
EndProject
Project("{8BC9CEB8-8B4A-11D0-8D11-00A0C91BC942}") = "Binary_Value", "Binary_Value\Binary_Value.vcxproj", "{E6C897A9-EC60-4319-AB4A-54B2EBD9CBDA}"
EndProject
Project("{8BC9CEB8-8B4A-11D0-8D11-00A0C91BC942}") = "PositiveNumbers", "PositiveNumbers\PositiveNumbers.vcxproj", "{E6329148-C5F7-44BB-BA15-A229E7B6CCBF}"
EndProject
Project("{8BC9CEB8-8B4A-11D0-8D11-00A0C91BC942}") = "GrossSalary", "GrossSalary\GrossSalary.vcxproj", "{637B2D3E-80F6-4BDE-8FA8-DAA61ECF6585}"
EndProject
Project("{8BC9CEB8-8B4A-11D0-8D11-00A0C91BC942}") = "Pyramid", "Pyramid\Pyramid.vcxproj", "{725E67B3-D097-4901-9612-6D6703A9D1DB}"
EndProject
Global
	GlobalSection(SolutionConfigurationPlatforms) = preSolution
		Debug|x64 = Debug|x64
		Debug|x86 = Debug|x86
		Release|x64 = Release|x64
		Release|x86 = Release|x86
	EndGlobalSection
	GlobalSection(ProjectConfigurationPlatforms) = postSolution
		{A450DE6F-80EB-4B3B-B427-77145EBA1168}.Debug|x64.ActiveCfg = Debug|x64
		{A450DE6F-80EB-4B3B-B427-77145EBA1168}.Debug|x64.Build.0 = Debug|x64
		{A450DE6F-80EB-4B3B-B427-77145EBA1168}.Debug|x86.ActiveCfg = Debug|Win32
		{A450DE6F-80EB-4B3B-B427-77145EBA1168}.Debug|x86.Build.0 = Debug|Win32
		{A450DE6F-80EB-4B3B-B427-77145EBA1168}.Release|x64.ActiveCfg = Release|x64
		{A450DE6F-80EB-4B3B-B427-77145EBA1168}.Release|x64.Build.0 = Release|x64
		{A450DE6F-80EB-4B3B-B427-77145EBA1168}.Release|x86.ActiveCfg = Release|Win32
		{A450DE6F-80EB-4B3B-B427-77145EBA1168}.Release|x86.Build.0 = Release|Win32
		{81C226E7-5834-4E59-920B-4902CF741865}.Debug|x64.ActiveCfg = Debug|x64
		{81C226E7-5834-4E59-920B-4902CF741865}.Debug|x64.Build.0 = Debug|x64
		{81C226E7-5834-4E59-920B-4902CF741865}.Debug|x86.ActiveCfg = Debug|Win32
		{81C226E7-5834-4E59-920B-4902CF741865}.Debug|x86.Build.0 = Debug|Win32
		{81C226E7-5834-4E59-920B-4902CF741865}.Release|x64.ActiveCfg = Release|x64
		{81C226E7-5834-4E59-920B-4902CF741865}.Release|x64.Build.0 = Release|x64
		{81C226E7-5834-4E59-920B-4902CF741865}.Release|x86.ActiveCfg = Release|Win32
		{81C226E7-5834-4E59-920B-4902CF741865}.Release|x86.Build.0 = Release|Win32
		{BC5DFD49-666F-4CB4-B70C-069E06C39AE6}.Debug|x64.ActiveCfg = Debug|x64
		{BC5DFD49-666F-4CB4-B70C-069E06C39AE6}.Debug|x64.Build.0 = Debug|x64
		{BC5DFD49-666F-4CB4-B70C-069E06C39AE6}.Debug|x86.ActiveCfg = Debug|Win32
		{BC5DFD49-666F-4CB4-B70C-069E06C39AE6}.Debug|x86.Build.0 = Debug|Win32
		{BC5DFD49-666F-4CB4-B70C-069E06C39AE6}.Release|x64.ActiveCfg = Release|x64
		{BC5DFD49-666F-4CB4-B70C-069E06C39AE6}.Release|x64.Build.0 = Release|x64
		{BC5DFD49-666F-4CB4-B70C-069E06C39AE6}.Release|x86.ActiveCfg = Release|Win32
		{BC5DFD49-666F-4CB4-B70C-069E06C39AE6}.Release|x86.Build.0 = Release|Win32
		{E7470E0C-7E10-46DD-991E-1C57AE10CC2A}.Debug|x64.ActiveCfg = Debug|x64
		{E7470E0C-7E10-46DD-991E-1C57AE10CC2A}.Debug|x64.Build.0 = Debug|x64
		{E7470E0C-7E10-46DD-991E-1C57AE10CC2A}.Debug|x86.ActiveCfg = Debug|Win32
		{E7470E0C-7E10-46DD-991E-1C57AE10CC2A}.Debug|x86.Build.0 = Debug|Win32
		{E7470E0C-7E10-46DD-991E-1C57AE10CC2A}.Release|x64.ActiveCfg = Release|x64
		{E7470E0C-7E10-46DD-991E-1C57AE10CC2A}.Release|x64.Build.0 = Release|x64
		{E7470E0C-7E10-46DD-991E-1C57AE10CC2A}.Release|x86.ActiveCfg = Release|Win32
		{E7470E0C-7E10-46DD-991E-1C57AE10CC2A}.Release|x86.Build.0 = Release|Win32
		{6D1FAE95-CC99-4A3B-A9ED-A9639191BA86}.Debug|x64.ActiveCfg = Debug|x64
		{6D1FAE95-CC99-4A3B-A9ED-A9639191BA86}.Debug|x64.Build.0 = Debug|x64
		{6D1FAE95-CC99-4A3B-A9ED-A9639191BA86}.Debug|x86.ActiveCfg = Debug|Win32
		{6D1FAE95-CC99-4A3B-A9ED-A9639191BA86}.Debug|x86.Build.0 = Debug|Win32
		{6D1FAE95-CC99-4A3B-A9ED-A9639191BA86}.Release|x64.ActiveCfg = Release|x64
		{6D1FAE95-CC99-4A3B-A9ED-A9639191BA86}.Release|x64.Build.0 = Release|x64
		{6D1FAE95-CC99-4A3B-A9ED-A9639191BA86}.Release|x86.ActiveCfg = Release|Win32
		{6D1FAE95-CC99-4A3B-A9ED-A9639191BA86}.Release|x86.Build.0 = Release|Win32
		{E6C897A9-EC60-4319-AB4A-54B2EBD9CBDA}.Debug|x64.ActiveCfg = Debug|x64
		{E6C897A9-EC60-4319-AB4A-54B2EBD9CBDA}.Debug|x64.Build.0 = Debug|x64
		{E6C897A9-EC60-4319-AB4A-54B2EBD9CBDA}.Debug|x86.ActiveCfg = Debug|Win32
		{E6C897A9-EC60-4319-AB4A-54B2EBD9CBDA}.Debug|x86.Build.0 = Debug|Win32
		{E6C897A9-EC60-4319-AB4A-54B2EBD9CBDA}.Release|x64.ActiveCfg = Release|x64
		{E6C897A9-EC60-4319-AB4A-54B2EBD9CBDA}.Release|x64.Build.0 = Release|x64
		{E6C897A9-EC60-4319-AB4A-54B2EBD9CBDA}.Release|x86.ActiveCfg = Release|Win32
		{E6C897A9-EC60-4319-AB4A-54B2EBD9CBDA}.Release|x86.Build.0 = Release|Win32
		{E6329148-C5F7-44BB-BA15-A229E7B6CCBF}.Debug|x64.ActiveCfg = Debug|x64
		{E6329148-C5F7-44BB-BA15-A229E7B6CCBF}.Debug|x64.Build.0 = Debug|x64
		{E6329148-C5F7-44BB-BA15-A229E7B6CCBF}.Debug|x86.ActiveCfg = Debug|Win32
		{E6329148-C5F7-44BB-BA15-A229E7B6CCBF}.Debug|x86.Build.0 = Debug|Win32
		{E6329148-C5F7-44BB-BA15-A229E7B6CCBF}.Release|x64.ActiveCfg = Release|x64
		{E6329148-C5F7-44BB-BA15-A229E7B6CCBF}.Release|x64.Build.0 = Release|x64
		{E6329148-C5F7-44BB-BA15-A229E7B6CCBF}.Release|x86.ActiveCfg = Release|Win32
		{E6329148-C5F7-44BB-BA15-A229E7B6CCBF}.Release|x86.Build.0 = Release|Win32
		{637B2D3E-80F6-4BDE-8FA8-DAA61ECF6585}.Debug|x64.ActiveCfg = Debug|x64
		{637B2D3E-80F6-4BDE-8FA8-DAA61ECF6585}.Debug|x64.Build.0 = Debug|x64
		{637B2D3E-80F6-4BDE-8FA8-DAA61ECF6585}.Debug|x86.ActiveCfg = Debug|Win32
		{637B2D3E-80F6-4BDE-8FA8-DAA61ECF6585}.Debug|x86.Build.0 = Debug|Win32
		{637B2D3E-80F6-4BDE-8FA8-DAA61ECF6585}.Release|x64.ActiveCfg = Release|x64
		{637B2D3E-80F6-4BDE-8FA8-DAA61ECF6585}.Release|x64.Build.0 = Release|x64
		{637B2D3E-80F6-4BDE-8FA8-DAA61ECF6585}.Release|x86.ActiveCfg = Release|Win32
		{637B2D3E-80F6-4BDE-8FA8-DAA61ECF6585}.Release|x86.Build.0 = Release|Win32
		{725E67B3-D097-4901-9612-6D6703A9D1DB}.Debug|x64.ActiveCfg = Debug|x64
		{725E67B3-D097-4901-9612-6D6703A9D1DB}.Debug|x64.Build.0 = Debug|x64
		{725E67B3-D097-4901-9612-6D6703A9D1DB}.Debug|x86.ActiveCfg = Debug|Win32
		{725E67B3-D097-4901-9612-6D6703A9D1DB}.Debug|x86.Build.0 = Debug|Win32
		{725E67B3-D097-4901-9612-6D6703A9D1DB}.Release|x64.ActiveCfg = Release|x64
		{725E67B3-D097-4901-9612-6D6703A9D1DB}.Release|x64.Build.0 = Release|x64
		{725E67B3-D097-4901-9612-6D6703A9D1DB}.Release|x86.ActiveCfg = Release|Win32
		{725E67B3-D097-4901-9612-6D6703A9D1DB}.Release|x86.Build.0 = Release|Win32
	EndGlobalSection
	GlobalSection(SolutionProperties) = preSolution
		HideSolutionNode = FALSE
	EndGlobalSection
	GlobalSection(ExtensibilityGlobals) = postSolution
		SolutionGuid = {5D3F531E-D8B0-4F4E-8C0D-A321A36B4A80}
	EndGlobalSection
EndGlobal
