
Microsoft Visual Studio Solution File, Format Version 12.00
# Visual Studio 15
VisualStudioVersion = 15.0.28307.329
MinimumVisualStudioVersion = 10.0.40219.1
Project("{8BC9CEB8-8B4A-11D0-8D11-00A0C91BC942}") = "Question1", "Question1\Question1.vcxproj", "{1607CCF5-4B3C-49C3-B411-97D95F69FD39}"
EndProject
Project("{8BC9CEB8-8B4A-11D0-8D11-00A0C91BC942}") = "Question4", "Question4\Question4.vcxproj", "{42C76A72-005B-4582-87D8-FD222E148DCD}"
EndProject
Global
	GlobalSection(SolutionConfigurationPlatforms) = preSolution
		Debug|x64 = Debug|x64
		Debug|x86 = Debug|x86
		Release|x64 = Release|x64
		Release|x86 = Release|x86
	EndGlobalSection
	GlobalSection(ProjectConfigurationPlatforms) = postSolution
		{1607CCF5-4B3C-49C3-B411-97D95F69FD39}.Debug|x64.ActiveCfg = Debug|x64
		{1607CCF5-4B3C-49C3-B411-97D95F69FD39}.Debug|x64.Build.0 = Debug|x64
		{1607CCF5-4B3C-49C3-B411-97D95F69FD39}.Debug|x86.ActiveCfg = Debug|Win32
		{1607CCF5-4B3C-49C3-B411-97D95F69FD39}.Debug|x86.Build.0 = Debug|Win32
		{1607CCF5-4B3C-49C3-B411-97D95F69FD39}.Release|x64.ActiveCfg = Release|x64
		{1607CCF5-4B3C-49C3-B411-97D95F69FD39}.Release|x64.Build.0 = Release|x64
		{1607CCF5-4B3C-49C3-B411-97D95F69FD39}.Release|x86.ActiveCfg = Release|Win32
		{1607CCF5-4B3C-49C3-B411-97D95F69FD39}.Release|x86.Build.0 = Release|Win32
		{42C76A72-005B-4582-87D8-FD222E148DCD}.Debug|x64.ActiveCfg = Debug|x64
		{42C76A72-005B-4582-87D8-FD222E148DCD}.Debug|x64.Build.0 = Debug|x64
		{42C76A72-005B-4582-87D8-FD222E148DCD}.Debug|x86.ActiveCfg = Debug|Win32
		{42C76A72-005B-4582-87D8-FD222E148DCD}.Debug|x86.Build.0 = Debug|Win32
		{42C76A72-005B-4582-87D8-FD222E148DCD}.Release|x64.ActiveCfg = Release|x64
		{42C76A72-005B-4582-87D8-FD222E148DCD}.Release|x64.Build.0 = Release|x64
		{42C76A72-005B-4582-87D8-FD222E148DCD}.Release|x86.ActiveCfg = Release|Win32
		{42C76A72-005B-4582-87D8-FD222E148DCD}.Release|x86.Build.0 = Release|Win32
	EndGlobalSection
	GlobalSection(SolutionProperties) = preSolution
		HideSolutionNode = FALSE
	EndGlobalSection
	GlobalSection(ExtensibilityGlobals) = postSolution
		SolutionGuid = {A3B26A1E-A11D-4D2D-A0EC-EF2746A9D126}
	EndGlobalSection
EndGlobal
