
Microsoft Visual Studio Solution File, Format Version 12.00
# Visual Studio 15
VisualStudioVersion = 15.0.28307.329
MinimumVisualStudioVersion = 10.0.40219.1
Project("{8BC9CEB8-8B4A-11D0-8D11-00A0C91BC942}") = "ReverseNumber", "ReverseNumber\ReverseNumber.vcxproj", "{D0C79960-CEC3-4BCF-8D0F-B35D63432C47}"
EndProject
Project("{8BC9CEB8-8B4A-11D0-8D11-00A0C91BC942}") = "PrimeNum", "PrimeNum\PrimeNum.vcxproj", "{D7E15586-C49A-4AED-8D7D-70602DB16F80}"
EndProject
Project("{8BC9CEB8-8B4A-11D0-8D11-00A0C91BC942}") = "Factorial", "Factorial\Factorial.vcxproj", "{EB10ECF1-CAE1-4B94-A6C1-9293FFC733BA}"
EndProject
Global
	GlobalSection(SolutionConfigurationPlatforms) = preSolution
		Debug|x64 = Debug|x64
		Debug|x86 = Debug|x86
		Release|x64 = Release|x64
		Release|x86 = Release|x86
	EndGlobalSection
	GlobalSection(ProjectConfigurationPlatforms) = postSolution
		{D0C79960-CEC3-4BCF-8D0F-B35D63432C47}.Debug|x64.ActiveCfg = Debug|x64
		{D0C79960-CEC3-4BCF-8D0F-B35D63432C47}.Debug|x64.Build.0 = Debug|x64
		{D0C79960-CEC3-4BCF-8D0F-B35D63432C47}.Debug|x86.ActiveCfg = Debug|Win32
		{D0C79960-CEC3-4BCF-8D0F-B35D63432C47}.Debug|x86.Build.0 = Debug|Win32
		{D0C79960-CEC3-4BCF-8D0F-B35D63432C47}.Release|x64.ActiveCfg = Release|x64
		{D0C79960-CEC3-4BCF-8D0F-B35D63432C47}.Release|x64.Build.0 = Release|x64
		{D0C79960-CEC3-4BCF-8D0F-B35D63432C47}.Release|x86.ActiveCfg = Release|Win32
		{D0C79960-CEC3-4BCF-8D0F-B35D63432C47}.Release|x86.Build.0 = Release|Win32
		{D7E15586-C49A-4AED-8D7D-70602DB16F80}.Debug|x64.ActiveCfg = Debug|x64
		{D7E15586-C49A-4AED-8D7D-70602DB16F80}.Debug|x64.Build.0 = Debug|x64
		{D7E15586-C49A-4AED-8D7D-70602DB16F80}.Debug|x86.ActiveCfg = Debug|Win32
		{D7E15586-C49A-4AED-8D7D-70602DB16F80}.Debug|x86.Build.0 = Debug|Win32
		{D7E15586-C49A-4AED-8D7D-70602DB16F80}.Release|x64.ActiveCfg = Release|x64
		{D7E15586-C49A-4AED-8D7D-70602DB16F80}.Release|x64.Build.0 = Release|x64
		{D7E15586-C49A-4AED-8D7D-70602DB16F80}.Release|x86.ActiveCfg = Release|Win32
		{D7E15586-C49A-4AED-8D7D-70602DB16F80}.Release|x86.Build.0 = Release|Win32
		{EB10ECF1-CAE1-4B94-A6C1-9293FFC733BA}.Debug|x64.ActiveCfg = Debug|x64
		{EB10ECF1-CAE1-4B94-A6C1-9293FFC733BA}.Debug|x64.Build.0 = Debug|x64
		{EB10ECF1-CAE1-4B94-A6C1-9293FFC733BA}.Debug|x86.ActiveCfg = Debug|Win32
		{EB10ECF1-CAE1-4B94-A6C1-9293FFC733BA}.Debug|x86.Build.0 = Debug|Win32
		{EB10ECF1-CAE1-4B94-A6C1-9293FFC733BA}.Release|x64.ActiveCfg = Release|x64
		{EB10ECF1-CAE1-4B94-A6C1-9293FFC733BA}.Release|x64.Build.0 = Release|x64
		{EB10ECF1-CAE1-4B94-A6C1-9293FFC733BA}.Release|x86.ActiveCfg = Release|Win32
		{EB10ECF1-CAE1-4B94-A6C1-9293FFC733BA}.Release|x86.Build.0 = Release|Win32
	EndGlobalSection
	GlobalSection(SolutionProperties) = preSolution
		HideSolutionNode = FALSE
	EndGlobalSection
	GlobalSection(ExtensibilityGlobals) = postSolution
		SolutionGuid = {524B2B50-1FDE-42DD-9719-A7D10C5D45A5}
	EndGlobalSection
EndGlobal
